
Microsoft Visual Studio Solution File, Format Version 12.00
# Visual Studio Version 16
VisualStudioVersion = 16.0.31729.503
MinimumVisualStudioVersion = 10.0.40219.1
Project("{FAE04EC0-301F-11D3-BF4B-00C04F79EFBC}") = "AssignmentAppSecurity", "AssignmentAppSecurity.csproj", "{ADBB37C9-6508-401B-A2A6-8B37FFCD785C}"
EndProject
Global
	GlobalSection(SolutionConfigurationPlatforms) = preSolution
		Debug|Any CPU = Debug|Any CPU
		Release|Any CPU = Release|Any CPU
	EndGlobalSection
	GlobalSection(ProjectConfigurationPlatforms) = postSolution
		{ADBB37C9-6508-401B-A2A6-8B37FFCD785C}.Debug|Any CPU.ActiveCfg = Debug|Any CPU
		{ADBB37C9-6508-401B-A2A6-8B37FFCD785C}.Debug|Any CPU.Build.0 = Debug|Any CPU
		{ADBB37C9-6508-401B-A2A6-8B37FFCD785C}.Release|Any CPU.ActiveCfg = Release|Any CPU
		{ADBB37C9-6508-401B-A2A6-8B37FFCD785C}.Release|Any CPU.Build.0 = Release|Any CPU
	EndGlobalSection
	GlobalSection(SolutionProperties) = preSolution
		HideSolutionNode = FALSE
	EndGlobalSection
	GlobalSection(ExtensibilityGlobals) = postSolution
		SolutionGuid = {FFF4964E-85BC-4297-B539-C5E85DC6EA8E}
	EndGlobalSection
EndGlobal
